<?xml version="1.0" encoding="UTF-8" standalone="yes" ?>
<CodeBlocks_project_file>
	<FileVersion major="1" minor="6" />
	<Project>
		<Option title="GroupBConnectTheNumbers" />
		<Option pch_mode="2" />
		<Option compiler="gcc" />
		<Build>
			<Target title="Debug">
				<Option output="bin/Debug/GroupBConnectTheNumbers" prefix_auto="1" extension_auto="1" />
				<Option object_output="obj/Debug/" />
				<Option type="1" />
				<Option compiler="gcc" />
				<Compiler>
					<Add option="-std=c++11" />
					<Add option="-g" />
					<Add directory="Controller" />
					<Add directory="View" />
					<Add directory="Model" />
					<Add directory="Model/Tiles" />
					<Add directory="./" />
					<Add directory="model/scoring" />
					<Add directory="model/Timing" />
				</Compiler>
			</Target>
		</Build>
		<Compiler>
			<Add option="`fltk-config --cxxflags`" />
		</Compiler>
		<Linker>
			<Add option="`fltk-config --ldstaticflags`" />
		</Linker>
		<Unit filename="controller/GameController.cpp" />
		<Unit filename="controller/GameController.h" />
		<Unit filename="default_puzzles.csv" />
		<Unit filename="fileio/PuzzleLoader.cpp" />
		<Unit filename="fileio/PuzzleLoader.h" />
		<Unit filename="fileio/PuzzleSaver.cpp" />
		<Unit filename="fileio/PuzzleSaver.h" />
		<Unit filename="fileio/Utils.cpp">
			<Option target="&lt;{~None~}&gt;" />
		</Unit>
		<Unit filename="fileio/Utils.h">
			<Option target="&lt;{~None~}&gt;" />
		</Unit>
		<Unit filename="main.cpp" />
		<Unit filename="model/Tile.cpp" />
		<Unit filename="model/Tile.h" />
		<Unit filename="model/TileBoard.cpp" />
		<Unit filename="model/TileBoard.h" />
		<Unit filename="model/TileGame.cpp" />
		<Unit filename="model/TileGame.h" />
		<Unit filename="model/Timing/Timer.cpp" />
		<Unit filename="model/Timing/Timer.h" />
		<Unit filename="model/scoring/ScoreBoard.cpp" />
		<Unit filename="model/scoring/ScoreBoard.h" />
		<Unit filename="model/scoring/ScoreEntry.cpp" />
		<Unit filename="model/scoring/ScoreEntry.h" />
		<Unit filename="view/PuzzleWindow.cpp" />
		<Unit filename="view/PuzzleWindow.h" />
		<Extensions>
			<code_completion />
			<debugger />
		</Extensions>
	</Project>
</CodeBlocks_project_file>
